github.com/cloudflare/circl v1.6.2 h1:hL7VBpHHKzrV5WTfHCaBsgx/HGbBYlgrwvNXEVDYYsQ=
github.com/davecgh/go-spew v1.1.2-0.20180830191138-d8f796af33cc h1:U9qPSI2PIWSS1VwoXQT9A3Wy9MM3WgvqSxFWenqJduM=
github.com/kr/pretty v0.3.1 h1:flRD4NNwYAUpkphVc1HcthR4KEIFJ65n8Mw5qdRn3LE=
github.com/kr/text v0.2.0 h1:5Nx0Ya0ZqY2ygV366QzturHI13Jq95ApcVaJBhpS+AY=
github.com/luxfi/crypto v1.17.38 h1:PZ52opsm3ECvyKsR2pLSsKONCey+FqpN0ZEwu+KMdO4=
github.com/luxfi/ids v1.2.9 h1:+yjdhXW99drnd2Zlp1u/p8k3G23W3/1btJQ4ogHawUI=
github.com/luxfi/math v1.2.3 h1:BgvIFw/srPXFLbcqtoDhLJOfmBsn86GPA1iWgsoyUb4=
github.com/luxfi/math/big v0.1.0 h1:Vz4c0RsZVPdIKPsHPgAJChH/R3p15WHRUz7LkLf+NIQ=
github.com/luxfi/mock v0.1.0 h1:IwElfNu+T9sXvzFX6tudPDx1vqPuACRSRdxpD5lxW+o=
github.com/luxfi/sampler v1.0.0 h1:k8Sf6otW83w4pQp0jXLA+g3J/joB7w7SqXQsWmNTOV0=
github.com/luxfi/version v1.0.1 h1:T/1KYWEMmsrNQk7pN7PFPAwh/7XbeX7cFAKLBqI37Sk=
github.com/mr-tron/base58 v1.2.0 h1:T/HDJBh4ZCPbU39/+c3rRvE0uKBQlU27+QI8LJ4t64o=
github.com/pmezard/go-difflib v1.0.1-0.20181226105442-5d4384ee4fb2 h1:Jamvg5psRIccs7FGNTlIRMkT8wgtp5eCXdBlqhYGL6U=
github.com/rogpeppe/go-internal v1.14.1 h1:UQB4HGPB6osV0SQTLymcB4TgvyWu6ZyliaW0tI/otEQ=
github.com/stretchr/testify v1.11.1 h1:7s2iGBzp5EwR7/aIZr8ao5+dra3wiQyKjjFuvgVKu7U=
github.com/supranational/blst v0.3.16 h1:bTDadT+3fK497EvLdWRQEjiGnUtzJ7jjIUMF0jqwYhE=
go.uber.org/mock v0.6.0 h1:hyF9dfmbgIX5EfOdasqLsWD6xqpNZlXblLB/Dbnwv3Y=
golang.org/x/crypto v0.46.0 h1:cKRW/pmt1pKAfetfu+RCEvjvZkA9RimPbh7bhFjGVBU=
golang.org/x/exp v0.0.0-20251219203646-944ab1f22d93 h1:fQsdNF2N+/YewlRZiricy4P1iimyPKZ/xwniHj8Q2a0=
golang.org/x/sys v0.39.0 h1:CvCKL8MeisomCi6qNZ+wbb0DN9E5AATixKsvNtMoMFk=
gonum.org/v1/gonum v0.16.0 h1:5+ul4Swaf3ESvrOnidPp4GZbzf0mxVQpDCYUQE7OJfk=
gopkg.in/check.v1 v1.0.0-20201130134442-10cb98267c6c h1:Hei/4ADfdWqJk1ZMxUNpqntNwaWcugrBjAiHlqqRiVk=
gopkg.in/yaml.v3 v3.0.1 h1:fxVm/GzAzEWqLHuvctI91KS9hhNmmWOoWu0XTYJS7CA=
